{
  "name": "lzstring.ts",
  "version": "2.0.0",
  "lockfileVersion": 1,
  "requires": true,
  "dependencies": {
    "@types/node": {
      "version": "7.10.8",
      "resolved": "https://registry.npmjs.org/@types/node/-/node-7.10.8.tgz",
      "integrity": "sha512-QtdN5f3l8unGw6LwmrHrerxoDDrENc5/5ohQ2sVO+zEgXQZ4RNdAoNZ4CuoZpymUeDlUaOnC50VHznBLByrnRg==",
      "dev": true
    },
    "tslib": {
      "version": "1.10.0",
      "resolved": "https://registry.npmjs.org/tslib/-/tslib-1.10.0.tgz",
      "integrity": "sha512-qOebF53frne81cf0S9B41ByenJ3/IuH8yJKngAX35CmiZySA0khhkovshKK+jGCaMnVomla7gVlIcc3EvKPbTQ=="
    }
  }
}
